
Microsoft Visual Studio Solution File, Format Version 12.00
# Visual Studio 15
VisualStudioVersion = 15.0.28307.489
MinimumVisualStudioVersion = 10.0.40219.1
Project("{FAE04EC0-301F-11D3-BF4B-00C04F79EFBC}") = "MyTeamTasksWpf", "MyTeamTasksWpf\MyTeamTasksWpf.csproj", "{930E6F1E-BB31-4D55-977E-BA7B45AB338C}"
EndProject
Global
	GlobalSection(SolutionConfigurationPlatforms) = preSolution
		Debug|Any CPU = Debug|Any CPU
		Release|Any CPU = Release|Any CPU
	EndGlobalSection
	GlobalSection(ProjectConfigurationPlatforms) = postSolution
		{930E6F1E-BB31-4D55-977E-BA7B45AB338C}.Debug|Any CPU.ActiveCfg = Debug|Any CPU
		{930E6F1E-BB31-4D55-977E-BA7B45AB338C}.Debug|Any CPU.Build.0 = Debug|Any CPU
		{930E6F1E-BB31-4D55-977E-BA7B45AB338C}.Release|Any CPU.ActiveCfg = Release|Any CPU
		{930E6F1E-BB31-4D55-977E-BA7B45AB338C}.Release|Any CPU.Build.0 = Release|Any CPU
	EndGlobalSection
	GlobalSection(SolutionProperties) = preSolution
		HideSolutionNode = FALSE
	EndGlobalSection
	GlobalSection(ExtensibilityGlobals) = postSolution
		SolutionGuid = {18FBAF1B-B9A7-4B1C-8884-20F54BE64266}
	EndGlobalSection
EndGlobal
